
Microsoft Visual Studio Solution File, Format Version 12.00
# Visual Studio Version 17
VisualStudioVersion = 17.8.34322.80
MinimumVisualStudioVersion = 10.0.40219.1
Project("{8BC9CEB8-8B4A-11D0-8D11-00A0C91BC942}") = "Day01", "Day01\Day01.vcxproj", "{0913AC40-6260-4E07-AC0E-1F7D065F17BA}"
EndProject
Project("{8BC9CEB8-8B4A-11D0-8D11-00A0C91BC942}") = "Day02", "Day02\Day02.vcxproj", "{5B7A80F9-D23C-4236-AB94-AD4C0FEFFFC5}"
EndProject
Project("{8BC9CEB8-8B4A-11D0-8D11-00A0C91BC942}") = "Day03", "Day03\Day03.vcxproj", "{D9DD8389-F9D7-4716-8E59-C34C752AE9C5}"
EndProject
Project("{8BC9CEB8-8B4A-11D0-8D11-00A0C91BC942}") = "Day04", "Day04\Day04.vcxproj", "{0A2A9957-3D26-49C7-BF0F-2D69A0EE3F4B}"
EndProject
Project("{8BC9CEB8-8B4A-11D0-8D11-00A0C91BC942}") = "Day05", "Day05\Day05.vcxproj", "{962902FC-1BBF-419B-854F-463391F9BDC0}"
EndProject
Project("{8BC9CEB8-8B4A-11D0-8D11-00A0C91BC942}") = "Day07", "Day07\Day07.vcxproj", "{B3A35CC8-DB0D-494B-A0D3-051E9A3E4A40}"
EndProject
Project("{8BC9CEB8-8B4A-11D0-8D11-00A0C91BC942}") = "Day08", "Day08\Day08.vcxproj", "{D9E29A80-6F4D-438C-BE21-7D580734F031}"
EndProject
Project("{8BC9CEB8-8B4A-11D0-8D11-00A0C91BC942}") = "Day09", "Day09\Day09.vcxproj", "{07C7F39E-EB0E-4D3F-B1ED-C4DB36971881}"
EndProject
Project("{8BC9CEB8-8B4A-11D0-8D11-00A0C91BC942}") = "Day10", "Day10\Day10.vcxproj", "{2DE81635-D406-43BE-96FC-9FB4D8FABBEE}"
EndProject
Project("{8BC9CEB8-8B4A-11D0-8D11-00A0C91BC942}") = "Day11", "Day11\Day11.vcxproj", "{AA296CEA-4F67-4468-B6FF-785EC9786805}"
EndProject
Project("{8BC9CEB8-8B4A-11D0-8D11-00A0C91BC942}") = "Day15", "Day15\Day15.vcxproj", "{9B27EBEF-847A-4531-A6DE-51E65741CD93}"
EndProject
Project("{8BC9CEB8-8B4A-11D0-8D11-00A0C91BC942}") = "Day16", "Day16\Day16.vcxproj", "{DAAA1BA3-7F88-4CD7-B65F-0F32806F8F20}"
EndProject
Project("{8BC9CEB8-8B4A-11D0-8D11-00A0C91BC942}") = "Day12", "Day12\Day12.vcxproj", "{751C1865-3CAE-4185-9E02-836C54B88D29}"
EndProject
Global
	GlobalSection(SolutionConfigurationPlatforms) = preSolution
		Debug|x64 = Debug|x64
		Debug|x86 = Debug|x86
		Release|x64 = Release|x64
		Release|x86 = Release|x86
	EndGlobalSection
	GlobalSection(ProjectConfigurationPlatforms) = postSolution
		{0913AC40-6260-4E07-AC0E-1F7D065F17BA}.Debug|x64.ActiveCfg = Debug|x64
		{0913AC40-6260-4E07-AC0E-1F7D065F17BA}.Debug|x64.Build.0 = Debug|x64
		{0913AC40-6260-4E07-AC0E-1F7D065F17BA}.Debug|x86.ActiveCfg = Debug|Win32
		{0913AC40-6260-4E07-AC0E-1F7D065F17BA}.Debug|x86.Build.0 = Debug|Win32
		{0913AC40-6260-4E07-AC0E-1F7D065F17BA}.Release|x64.ActiveCfg = Release|x64
		{0913AC40-6260-4E07-AC0E-1F7D065F17BA}.Release|x64.Build.0 = Release|x64
		{0913AC40-6260-4E07-AC0E-1F7D065F17BA}.Release|x86.ActiveCfg = Release|Win32
		{0913AC40-6260-4E07-AC0E-1F7D065F17BA}.Release|x86.Build.0 = Release|Win32
		{5B7A80F9-D23C-4236-AB94-AD4C0FEFFFC5}.Debug|x64.ActiveCfg = Debug|x64
		{5B7A80F9-D23C-4236-AB94-AD4C0FEFFFC5}.Debug|x64.Build.0 = Debug|x64
		{5B7A80F9-D23C-4236-AB94-AD4C0FEFFFC5}.Debug|x86.ActiveCfg = Debug|Win32
		{5B7A80F9-D23C-4236-AB94-AD4C0FEFFFC5}.Debug|x86.Build.0 = Debug|Win32
		{5B7A80F9-D23C-4236-AB94-AD4C0FEFFFC5}.Release|x64.ActiveCfg = Release|x64
		{5B7A80F9-D23C-4236-AB94-AD4C0FEFFFC5}.Release|x64.Build.0 = Release|x64
		{5B7A80F9-D23C-4236-AB94-AD4C0FEFFFC5}.Release|x86.ActiveCfg = Release|Win32
		{5B7A80F9-D23C-4236-AB94-AD4C0FEFFFC5}.Release|x86.Build.0 = Release|Win32
		{D9DD8389-F9D7-4716-8E59-C34C752AE9C5}.Debug|x64.ActiveCfg = Debug|x64
		{D9DD8389-F9D7-4716-8E59-C34C752AE9C5}.Debug|x64.Build.0 = Debug|x64
		{D9DD8389-F9D7-4716-8E59-C34C752AE9C5}.Debug|x86.ActiveCfg = Debug|Win32
		{D9DD8389-F9D7-4716-8E59-C34C752AE9C5}.Debug|x86.Build.0 = Debug|Win32
		{D9DD8389-F9D7-4716-8E59-C34C752AE9C5}.Release|x64.ActiveCfg = Release|x64
		{D9DD8389-F9D7-4716-8E59-C34C752AE9C5}.Release|x64.Build.0 = Release|x64
		{D9DD8389-F9D7-4716-8E59-C34C752AE9C5}.Release|x86.ActiveCfg = Release|Win32
		{D9DD8389-F9D7-4716-8E59-C34C752AE9C5}.Release|x86.Build.0 = Release|Win32
		{0A2A9957-3D26-49C7-BF0F-2D69A0EE3F4B}.Debug|x64.ActiveCfg = Debug|x64
		{0A2A9957-3D26-49C7-BF0F-2D69A0EE3F4B}.Debug|x64.Build.0 = Debug|x64
		{0A2A9957-3D26-49C7-BF0F-2D69A0EE3F4B}.Debug|x86.ActiveCfg = Debug|Win32
		{0A2A9957-3D26-49C7-BF0F-2D69A0EE3F4B}.Debug|x86.Build.0 = Debug|Win32
		{0A2A9957-3D26-49C7-BF0F-2D69A0EE3F4B}.Release|x64.ActiveCfg = Release|x64
		{0A2A9957-3D26-49C7-BF0F-2D69A0EE3F4B}.Release|x64.Build.0 = Release|x64
		{0A2A9957-3D26-49C7-BF0F-2D69A0EE3F4B}.Release|x86.ActiveCfg = Release|Win32
		{0A2A9957-3D26-49C7-BF0F-2D69A0EE3F4B}.Release|x86.Build.0 = Release|Win32
		{962902FC-1BBF-419B-854F-463391F9BDC0}.Debug|x64.ActiveCfg = Debug|x64
		{962902FC-1BBF-419B-854F-463391F9BDC0}.Debug|x64.Build.0 = Debug|x64
		{962902FC-1BBF-419B-854F-463391F9BDC0}.Debug|x86.ActiveCfg = Debug|Win32
		{962902FC-1BBF-419B-854F-463391F9BDC0}.Debug|x86.Build.0 = Debug|Win32
		{962902FC-1BBF-419B-854F-463391F9BDC0}.Release|x64.ActiveCfg = Release|x64
		{962902FC-1BBF-419B-854F-463391F9BDC0}.Release|x64.Build.0 = Release|x64
		{962902FC-1BBF-419B-854F-463391F9BDC0}.Release|x86.ActiveCfg = Release|Win32
		{962902FC-1BBF-419B-854F-463391F9BDC0}.Release|x86.Build.0 = Release|Win32
		{B3A35CC8-DB0D-494B-A0D3-051E9A3E4A40}.Debug|x64.ActiveCfg = Debug|x64
		{B3A35CC8-DB0D-494B-A0D3-051E9A3E4A40}.Debug|x64.Build.0 = Debug|x64
		{B3A35CC8-DB0D-494B-A0D3-051E9A3E4A40}.Debug|x86.ActiveCfg = Debug|Win32
		{B3A35CC8-DB0D-494B-A0D3-051E9A3E4A40}.Debug|x86.Build.0 = Debug|Win32
		{B3A35CC8-DB0D-494B-A0D3-051E9A3E4A40}.Release|x64.ActiveCfg = Release|x64
		{B3A35CC8-DB0D-494B-A0D3-051E9A3E4A40}.Release|x64.Build.0 = Release|x64
		{B3A35CC8-DB0D-494B-A0D3-051E9A3E4A40}.Release|x86.ActiveCfg = Release|Win32
		{B3A35CC8-DB0D-494B-A0D3-051E9A3E4A40}.Release|x86.Build.0 = Release|Win32
		{D9E29A80-6F4D-438C-BE21-7D580734F031}.Debug|x64.ActiveCfg = Debug|x64
		{D9E29A80-6F4D-438C-BE21-7D580734F031}.Debug|x64.Build.0 = Debug|x64
		{D9E29A80-6F4D-438C-BE21-7D580734F031}.Debug|x86.ActiveCfg = Debug|Win32
		{D9E29A80-6F4D-438C-BE21-7D580734F031}.Debug|x86.Build.0 = Debug|Win32
		{D9E29A80-6F4D-438C-BE21-7D580734F031}.Release|x64.ActiveCfg = Release|x64
		{D9E29A80-6F4D-438C-BE21-7D580734F031}.Release|x64.Build.0 = Release|x64
		{D9E29A80-6F4D-438C-BE21-7D580734F031}.Release|x86.ActiveCfg = Release|Win32
		{D9E29A80-6F4D-438C-BE21-7D580734F031}.Release|x86.Build.0 = Release|Win32
		{07C7F39E-EB0E-4D3F-B1ED-C4DB36971881}.Debug|x64.ActiveCfg = Debug|x64
		{07C7F39E-EB0E-4D3F-B1ED-C4DB36971881}.Debug|x64.Build.0 = Debug|x64
		{07C7F39E-EB0E-4D3F-B1ED-C4DB36971881}.Debug|x86.ActiveCfg = Debug|Win32
		{07C7F39E-EB0E-4D3F-B1ED-C4DB36971881}.Debug|x86.Build.0 = Debug|Win32
		{07C7F39E-EB0E-4D3F-B1ED-C4DB36971881}.Release|x64.ActiveCfg = Release|x64
		{07C7F39E-EB0E-4D3F-B1ED-C4DB36971881}.Release|x64.Build.0 = Release|x64
		{07C7F39E-EB0E-4D3F-B1ED-C4DB36971881}.Release|x86.ActiveCfg = Release|Win32
		{07C7F39E-EB0E-4D3F-B1ED-C4DB36971881}.Release|x86.Build.0 = Release|Win32
		{2DE81635-D406-43BE-96FC-9FB4D8FABBEE}.Debug|x64.ActiveCfg = Debug|x64
		{2DE81635-D406-43BE-96FC-9FB4D8FABBEE}.Debug|x64.Build.0 = Debug|x64
		{2DE81635-D406-43BE-96FC-9FB4D8FABBEE}.Debug|x86.ActiveCfg = Debug|Win32
		{2DE81635-D406-43BE-96FC-9FB4D8FABBEE}.Debug|x86.Build.0 = Debug|Win32
		{2DE81635-D406-43BE-96FC-9FB4D8FABBEE}.Release|x64.ActiveCfg = Release|x64
		{2DE81635-D406-43BE-96FC-9FB4D8FABBEE}.Release|x64.Build.0 = Release|x64
		{2DE81635-D406-43BE-96FC-9FB4D8FABBEE}.Release|x86.ActiveCfg = Release|Win32
		{2DE81635-D406-43BE-96FC-9FB4D8FABBEE}.Release|x86.Build.0 = Release|Win32
		{AA296CEA-4F67-4468-B6FF-785EC9786805}.Debug|x64.ActiveCfg = Debug|x64
		{AA296CEA-4F67-4468-B6FF-785EC9786805}.Debug|x64.Build.0 = Debug|x64
		{AA296CEA-4F67-4468-B6FF-785EC9786805}.Debug|x86.ActiveCfg = Debug|Win32
		{AA296CEA-4F67-4468-B6FF-785EC9786805}.Debug|x86.Build.0 = Debug|Win32
		{AA296CEA-4F67-4468-B6FF-785EC9786805}.Release|x64.ActiveCfg = Release|x64
		{AA296CEA-4F67-4468-B6FF-785EC9786805}.Release|x64.Build.0 = Release|x64
		{AA296CEA-4F67-4468-B6FF-785EC9786805}.Release|x86.ActiveCfg = Release|Win32
		{AA296CEA-4F67-4468-B6FF-785EC9786805}.Release|x86.Build.0 = Release|Win32
		{9B27EBEF-847A-4531-A6DE-51E65741CD93}.Debug|x64.ActiveCfg = Debug|x64
		{9B27EBEF-847A-4531-A6DE-51E65741CD93}.Debug|x64.Build.0 = Debug|x64
		{9B27EBEF-847A-4531-A6DE-51E65741CD93}.Debug|x86.ActiveCfg = Debug|Win32
		{9B27EBEF-847A-4531-A6DE-51E65741CD93}.Debug|x86.Build.0 = Debug|Win32
		{9B27EBEF-847A-4531-A6DE-51E65741CD93}.Release|x64.ActiveCfg = Release|x64
		{9B27EBEF-847A-4531-A6DE-51E65741CD93}.Release|x64.Build.0 = Release|x64
		{9B27EBEF-847A-4531-A6DE-51E65741CD93}.Release|x86.ActiveCfg = Release|Win32
		{9B27EBEF-847A-4531-A6DE-51E65741CD93}.Release|x86.Build.0 = Release|Win32
		{DAAA1BA3-7F88-4CD7-B65F-0F32806F8F20}.Debug|x64.ActiveCfg = Debug|x64
		{DAAA1BA3-7F88-4CD7-B65F-0F32806F8F20}.Debug|x64.Build.0 = Debug|x64
		{DAAA1BA3-7F88-4CD7-B65F-0F32806F8F20}.Debug|x86.ActiveCfg = Debug|Win32
		{DAAA1BA3-7F88-4CD7-B65F-0F32806F8F20}.Debug|x86.Build.0 = Debug|Win32
		{DAAA1BA3-7F88-4CD7-B65F-0F32806F8F20}.Release|x64.ActiveCfg = Release|x64
		{DAAA1BA3-7F88-4CD7-B65F-0F32806F8F20}.Release|x64.Build.0 = Release|x64
		{DAAA1BA3-7F88-4CD7-B65F-0F32806F8F20}.Release|x86.ActiveCfg = Release|Win32
		{DAAA1BA3-7F88-4CD7-B65F-0F32806F8F20}.Release|x86.Build.0 = Release|Win32
		{751C1865-3CAE-4185-9E02-836C54B88D29}.Debug|x64.ActiveCfg = Debug|x64
		{751C1865-3CAE-4185-9E02-836C54B88D29}.Debug|x64.Build.0 = Debug|x64
		{751C1865-3CAE-4185-9E02-836C54B88D29}.Debug|x86.ActiveCfg = Debug|Win32
		{751C1865-3CAE-4185-9E02-836C54B88D29}.Debug|x86.Build.0 = Debug|Win32
		{751C1865-3CAE-4185-9E02-836C54B88D29}.Release|x64.ActiveCfg = Release|x64
		{751C1865-3CAE-4185-9E02-836C54B88D29}.Release|x64.Build.0 = Release|x64
		{751C1865-3CAE-4185-9E02-836C54B88D29}.Release|x86.ActiveCfg = Release|Win32
		{751C1865-3CAE-4185-9E02-836C54B88D29}.Release|x86.Build.0 = Release|Win32
	EndGlobalSection
	GlobalSection(SolutionProperties) = preSolution
		HideSolutionNode = FALSE
	EndGlobalSection
	GlobalSection(ExtensibilityGlobals) = postSolution
		SolutionGuid = {2B750A90-3B6B-41F2-8C8D-42BBEB31A4D7}
	EndGlobalSection
EndGlobal
